PODS:
  - Brightcove-Player-SDK (4.1.6):
    - ReactiveCocoa (~> 2.1)
  - Brightcove-Player-SDK-IMA (1.0.6):
    - Brightcove-Player-SDK (~> 4.1)
    - GoogleAds-IMA-iOS-SDK (= 3.0.beta.4)
  - Brightcove-Player-SDK-Widevine (1.0.5):
    - Brightcove-Player-SDK (~> 4.1)
    - Widevine-iOS (= 6.0.0.12578)
  - GoogleAds-IMA-iOS-SDK (3.0.beta.4)
  - ReactiveCocoa (2.3):
    - ReactiveCocoa/UI
  - ReactiveCocoa/Core (2.3):
    - ReactiveCocoa/no-arc
  - ReactiveCocoa/no-arc (2.3)
  - ReactiveCocoa/UI (2.3):
    - ReactiveCocoa/Core
  - Widevine-iOS (6.0.0.12578)

DEPENDENCIES:
  - Brightcove-Player-SDK (= 4.1.6)
  - Brightcove-Player-SDK-IMA (= 1.0.6)
  - Brightcove-Player-SDK-Widevine (= 1.0.5)

SPEC CHECKSUMS:
  Brightcove-Player-SDK: 6976fbb38962849a91135492714e46bd91ece4f2
  Brightcove-Player-SDK-IMA: 244905ddb4b995b84ae6a28180bad70675c999c8
  Brightcove-Player-SDK-Widevine: b974fa10ba3c698d694712f39564681da408864d
  GoogleAds-IMA-iOS-SDK: 883eb5cfb805d4c14b631612b2c69d47479bd612
  ReactiveCocoa: dde7b11a14954edf789e7343b2c32e595caabd01
  Widevine-iOS: f1ed33d46ad75ea12fb6cc262a714fd0bc50c189

COCOAPODS: 0.32.1
