PODS:
  - Brightcove-Player-SDK (4.1.4):
    - ReactiveCocoa (~> 2.1)
  - Brightcove-Player-SDK-IMA (1.0.4):
    - Brightcove-Player-SDK (~> 4.1)
    - GoogleAds-IMA-iOS-SDK (= 3.0.beta.4)
  - Brightcove-Player-SDK-Widevine (1.0.4):
    - Brightcove-Player-SDK (~> 4.1)
    - Widevine-iOS (= 6.0.0.12578)
  - GoogleAds-IMA-iOS-SDK (3.0.beta.4)
  - ReactiveCocoa (2.2.3):
    - ReactiveCocoa/Core
    - ReactiveCocoa/no-arc
  - ReactiveCocoa/Core (2.2.3):
    - ReactiveCocoa/no-arc
  - ReactiveCocoa/no-arc (2.2.3)
  - Widevine-iOS (6.0.0.12578)

DEPENDENCIES:
  - Brightcove-Player-SDK (= 4.1.4)
  - Brightcove-Player-SDK-IMA (= 1.0.4)
  - Brightcove-Player-SDK-Widevine (= 1.0.4)

SPEC CHECKSUMS:
  Brightcove-Player-SDK: 4ce247b274fd622d0ac371d4ca4a17b16f88fa60
  Brightcove-Player-SDK-IMA: 6d8df348e5a32f1a7ec727f2f3a07b1026e075bb
  Brightcove-Player-SDK-Widevine: ba19728f917b591c784ea25d7b05839ff425a02a
  GoogleAds-IMA-iOS-SDK: e1c3ea14aaa20e58e23a66ff43e9d29b8ade1d31
  ReactiveCocoa: b3cb6ebd50f1a0f2e39c6fd7ce3c428b6efcb22b
  Widevine-iOS: f1ed33d46ad75ea12fb6cc262a714fd0bc50c189

COCOAPODS: 0.29.0
