PODS:
  - Brightcove-Player-SDK (4.1.7):
    - ReactiveCocoa (~> 2.1)
  - Brightcove-Player-SDK-IMA (1.0.7):
    - Brightcove-Player-SDK (~> 4.1)
    - Brightcove-Player-SDK-IMA/Default
  - Brightcove-Player-SDK-IMA/Core (1.0.7):
    - Brightcove-Player-SDK (~> 4.1)
  - Brightcove-Player-SDK-IMA/Default (1.0.7):
    - Brightcove-Player-SDK (~> 4.1)
    - Brightcove-Player-SDK-IMA/Core
    - GoogleAds-IMA-iOS-SDK (= 3.0.beta.5)
  - Brightcove-Player-SDK-Widevine (1.0.6):
    - Brightcove-Player-SDK (~> 4.1)
    - Widevine-iOS (= 6.0.0.12578)
  - GoogleAds-IMA-iOS-SDK (3.0.beta.5)
  - ReactiveCocoa (2.3):
    - ReactiveCocoa/UI
  - ReactiveCocoa/Core (2.3):
    - ReactiveCocoa/no-arc
  - ReactiveCocoa/no-arc (2.3)
  - ReactiveCocoa/UI (2.3):
    - ReactiveCocoa/Core
  - Widevine-iOS (6.0.0.12578)

DEPENDENCIES:
  - Brightcove-Player-SDK (= 4.1.7)
  - Brightcove-Player-SDK-IMA (= 1.0.7)
  - Brightcove-Player-SDK-Widevine (= 1.0.6)

SPEC CHECKSUMS:
  Brightcove-Player-SDK: d9bbe66d83c31f3bf661cd321e372a62feccae5a
  Brightcove-Player-SDK-IMA: cef05de10c5553e45de00d3c0d4e9e0c621628c0
  Brightcove-Player-SDK-Widevine: babbe3a457ace772929d0eee13708c6af3ff9202
  GoogleAds-IMA-iOS-SDK: 70c70fe0e088b6201013499e171f4931a119576b
  ReactiveCocoa: dde7b11a14954edf789e7343b2c32e595caabd01
  Widevine-iOS: f1ed33d46ad75ea12fb6cc262a714fd0bc50c189

COCOAPODS: 0.32.1
